
Microsoft Visual Studio Solution File, Format Version 12.00
# Visual Studio 15
VisualStudioVersion = 15.0.27130.2036
MinimumVisualStudioVersion = 10.0.40219.1
Project("{FAE04EC0-301F-11D3-BF4B-00C04F79EFBC}") = "WpfApp2", "WpfApp2\WpfApp2.csproj", "{AC628D65-485B-4712-AB86-310C44E2B468}"
EndProject
Global
	GlobalSection(SolutionConfigurationPlatforms) = preSolution
		Debug|Any CPU = Debug|Any CPU
		Release|Any CPU = Release|Any CPU
	EndGlobalSection
	GlobalSection(ProjectConfigurationPlatforms) = postSolution
		{AC628D65-485B-4712-AB86-310C44E2B468}.Debug|Any CPU.ActiveCfg = Debug|Any CPU
		{AC628D65-485B-4712-AB86-310C44E2B468}.Debug|Any CPU.Build.0 = Debug|Any CPU
		{AC628D65-485B-4712-AB86-310C44E2B468}.Release|Any CPU.ActiveCfg = Release|Any CPU
		{AC628D65-485B-4712-AB86-310C44E2B468}.Release|Any CPU.Build.0 = Release|Any CPU
	EndGlobalSection
	GlobalSection(SolutionProperties) = preSolution
		HideSolutionNode = FALSE
	EndGlobalSection
	GlobalSection(ExtensibilityGlobals) = postSolution
		SolutionGuid = {5E33AB3B-802C-4403-98B2-23DF0A05B351}
	EndGlobalSection
EndGlobal
